
Microsoft Visual Studio Solution File, Format Version 12.00
# Visual Studio Version 17
VisualStudioVersion = 17.6.33717.318
MinimumVisualStudioVersion = 10.0.40219.1
Project("{FAE04EC0-301F-11D3-BF4B-00C04F79EFBC}") = "Soccer.BusinessLayer", "Soccer.BusinessLayer\Soccer.BusinessLayer.csproj", "{DE6D7656-D015-4EA2-8839-88168F9EB692}"
EndProject
Project("{FAE04EC0-301F-11D3-BF4B-00C04F79EFBC}") = "Soccer.DataAccessLayer", "Soccer.DataAccessLayer\Soccer.DataAccessLayer.csproj", "{4515BAAB-3645-48D8-844F-35A447EFBC7F}"
EndProject
Project("{FAE04EC0-301F-11D3-BF4B-00C04F79EFBC}") = "Soccer.EntityLayer", "Soccer.EntityLayer\Soccer.EntityLayer.csproj", "{A2A34E35-649B-4896-9D7E-97D67AA4B95E}"
EndProject
Project("{FAE04EC0-301F-11D3-BF4B-00C04F79EFBC}") = "Soccet.MVC", "Soccet.MVC\Soccet.MVC.csproj", "{BEEF9707-D5CC-43EF-8913-7C301AA049AC}"
EndProject
Global
	GlobalSection(SolutionConfigurationPlatforms) = preSolution
		Debug|Any CPU = Debug|Any CPU
		Release|Any CPU = Release|Any CPU
	EndGlobalSection
	GlobalSection(ProjectConfigurationPlatforms) = postSolution
		{DE6D7656-D015-4EA2-8839-88168F9EB692}.Debug|Any CPU.ActiveCfg = Debug|Any CPU
		{DE6D7656-D015-4EA2-8839-88168F9EB692}.Debug|Any CPU.Build.0 = Debug|Any CPU
		{DE6D7656-D015-4EA2-8839-88168F9EB692}.Release|Any CPU.ActiveCfg = Release|Any CPU
		{DE6D7656-D015-4EA2-8839-88168F9EB692}.Release|Any CPU.Build.0 = Release|Any CPU
		{4515BAAB-3645-48D8-844F-35A447EFBC7F}.Debug|Any CPU.ActiveCfg = Debug|Any CPU
		{4515BAAB-3645-48D8-844F-35A447EFBC7F}.Debug|Any CPU.Build.0 = Debug|Any CPU
		{4515BAAB-3645-48D8-844F-35A447EFBC7F}.Release|Any CPU.ActiveCfg = Release|Any CPU
		{4515BAAB-3645-48D8-844F-35A447EFBC7F}.Release|Any CPU.Build.0 = Release|Any CPU
		{A2A34E35-649B-4896-9D7E-97D67AA4B95E}.Debug|Any CPU.ActiveCfg = Debug|Any CPU
		{A2A34E35-649B-4896-9D7E-97D67AA4B95E}.Debug|Any CPU.Build.0 = Debug|Any CPU
		{A2A34E35-649B-4896-9D7E-97D67AA4B95E}.Release|Any CPU.ActiveCfg = Release|Any CPU
		{A2A34E35-649B-4896-9D7E-97D67AA4B95E}.Release|Any CPU.Build.0 = Release|Any CPU
		{BEEF9707-D5CC-43EF-8913-7C301AA049AC}.Debug|Any CPU.ActiveCfg = Debug|Any CPU
		{BEEF9707-D5CC-43EF-8913-7C301AA049AC}.Debug|Any CPU.Build.0 = Debug|Any CPU
		{BEEF9707-D5CC-43EF-8913-7C301AA049AC}.Release|Any CPU.ActiveCfg = Release|Any CPU
		{BEEF9707-D5CC-43EF-8913-7C301AA049AC}.Release|Any CPU.Build.0 = Release|Any CPU
	EndGlobalSection
	GlobalSection(SolutionProperties) = preSolution
		HideSolutionNode = FALSE
	EndGlobalSection
	GlobalSection(ExtensibilityGlobals) = postSolution
		SolutionGuid = {48DC54A3-E794-4E27-99F5-F33024BCFE0B}
	EndGlobalSection
EndGlobal
